# This file is automatically @generated by Cargo.
# It is not intended for manual editing.
version = 4

[[package]]
name = "MaybeRedundant"
version = "0.1.0"
dependencies = [
 "generic-static-cache",
]

[[package]]
name = "bytemuck"
version = "1.25.2"
source = "registry+https://github.com/rust-lang/crates.io-index"
checksum = "95832e849adfb21180ccb6826a99da14e5d266ae5c2e668e1602cf234f153797"

[[package]]
name = "generic-static-cache"
version = "0.2.1"
source = "registry+https://github.com/rust-lang/crates.io-index"
checksum = "080ad942c101737d9282f54d2ef48b1086e3939a314657473f35fd2875223e7c"
dependencies = [
 "bytemuck",
]
